
Microsoft Visual Studio Solution File, Format Version 12.00
# Visual Studio Version 17
VisualStudioVersion = 17.8.34525.116
MinimumVisualStudioVersion = 10.0.40219.1
Project("{FAE04EC0-301F-11D3-BF4B-00C04F79EFBC}") = "prjBurgerMVC", "prjBurgerMVC\prjBurgerMVC.csproj", "{EF188DF8-7081-43C8-9402-C93FA8BFF923}"
EndProject
Global
	GlobalSection(SolutionConfigurationPlatforms) = preSolution
		Debug|Any CPU = Debug|Any CPU
		Release|Any CPU = Release|Any CPU
	EndGlobalSection
	GlobalSection(ProjectConfigurationPlatforms) = postSolution
		{EF188DF8-7081-43C8-9402-C93FA8BFF923}.Debug|Any CPU.ActiveCfg = Debug|Any CPU
		{EF188DF8-7081-43C8-9402-C93FA8BFF923}.Debug|Any CPU.Build.0 = Debug|Any CPU
		{EF188DF8-7081-43C8-9402-C93FA8BFF923}.Release|Any CPU.ActiveCfg = Release|Any CPU
		{EF188DF8-7081-43C8-9402-C93FA8BFF923}.Release|Any CPU.Build.0 = Release|Any CPU
	EndGlobalSection
	GlobalSection(SolutionProperties) = preSolution
		HideSolutionNode = FALSE
	EndGlobalSection
	GlobalSection(ExtensibilityGlobals) = postSolution
		SolutionGuid = {33969B2F-9473-404A-A539-A99DD77C2B54}
	EndGlobalSection
EndGlobal
